
Microsoft Visual Studio Solution File, Format Version 12.00
# Visual Studio Version 17
VisualStudioVersion = 17.3.32519.111
MinimumVisualStudioVersion = 10.0.40219.1
Project("{FAE04EC0-301F-11D3-BF4B-00C04F79EFBC}") = "HealthCare.Common", "HealthCare.Common\HealthCare.Common.csproj", "{D7BF0257-458A-4336-B275-41611810F820}"
EndProject
Project("{FAE04EC0-301F-11D3-BF4B-00C04F79EFBC}") = "HealthCare.API", "HealthCare.API\HealthCare.API.csproj", "{C41B787A-E907-4FDE-9E2E-B097268C56F5}"
EndProject
Global
	GlobalSection(SolutionConfigurationPlatforms) = preSolution
		Debug|Any CPU = Debug|Any CPU
		Release|Any CPU = Release|Any CPU
	EndGlobalSection
	GlobalSection(ProjectConfigurationPlatforms) = postSolution
		{D7BF0257-458A-4336-B275-41611810F820}.Debug|Any CPU.ActiveCfg = Debug|Any CPU
		{D7BF0257-458A-4336-B275-41611810F820}.Debug|Any CPU.Build.0 = Debug|Any CPU
		{D7BF0257-458A-4336-B275-41611810F820}.Release|Any CPU.ActiveCfg = Release|Any CPU
		{D7BF0257-458A-4336-B275-41611810F820}.Release|Any CPU.Build.0 = Release|Any CPU
		{C41B787A-E907-4FDE-9E2E-B097268C56F5}.Debug|Any CPU.ActiveCfg = Debug|Any CPU
		{C41B787A-E907-4FDE-9E2E-B097268C56F5}.Debug|Any CPU.Build.0 = Debug|Any CPU
		{C41B787A-E907-4FDE-9E2E-B097268C56F5}.Release|Any CPU.ActiveCfg = Release|Any CPU
		{C41B787A-E907-4FDE-9E2E-B097268C56F5}.Release|Any CPU.Build.0 = Release|Any CPU
	EndGlobalSection
	GlobalSection(SolutionProperties) = preSolution
		HideSolutionNode = FALSE
	EndGlobalSection
	GlobalSection(ExtensibilityGlobals) = postSolution
		SolutionGuid = {0F737E8F-E694-43A7-A2C6-22AC4C971D1C}
	EndGlobalSection
EndGlobal
